
Microsoft Visual Studio Solution File, Format Version 12.00
# Visual Studio Version 17
VisualStudioVersion = 17.7.34024.191
MinimumVisualStudioVersion = 10.0.40219.1
Project("{FAE04EC0-301F-11D3-BF4B-00C04F79EFBC}") = "QuanLyNhaSach", "QuanLyNhaSach\QuanLyNhaSach.csproj", "{14053BB8-CE0F-4391-A920-2E7F5A226FB3}"
EndProject
Global
	GlobalSection(SolutionConfigurationPlatforms) = preSolution
		Debug|Any CPU = Debug|Any CPU
		Release|Any CPU = Release|Any CPU
	EndGlobalSection
	GlobalSection(ProjectConfigurationPlatforms) = postSolution
		{14053BB8-CE0F-4391-A920-2E7F5A226FB3}.Debug|Any CPU.ActiveCfg = Debug|Any CPU
		{14053BB8-CE0F-4391-A920-2E7F5A226FB3}.Debug|Any CPU.Build.0 = Debug|Any CPU
		{14053BB8-CE0F-4391-A920-2E7F5A226FB3}.Release|Any CPU.ActiveCfg = Release|Any CPU
		{14053BB8-CE0F-4391-A920-2E7F5A226FB3}.Release|Any CPU.Build.0 = Release|Any CPU
	EndGlobalSection
	GlobalSection(SolutionProperties) = preSolution
		HideSolutionNode = FALSE
	EndGlobalSection
	GlobalSection(ExtensibilityGlobals) = postSolution
		SolutionGuid = {0168D08B-30E9-4A02-A82A-6EA05325350E}
	EndGlobalSection
EndGlobal
